lockfileVersion: '9.0'

settings:
  autoInstallPeers: true
  excludeLinksFromLockfile: false

importers:

  .:
    devDependencies:
      hexo-generator-i18n:
        specifier: ^0.0.10
        version: 0.0.10

packages:

  hexo-generator-i18n@0.0.10:
    resolution: {integrity: sha512-MMKgo125xlzMeimxoaaI6udzER0MBIlLM7Cgda/HuMGcq+nfxqg+36AYnQs/zukCdNbWSesuOwW48BTbWBNaRA==}
    engines: {node: '>= 0.10.0'}

  lodash@4.17.21:
    resolution: {integrity: sha512-v2kDEe57lecTulaDIuNTPy3Ry4gLGJ6Z1O3vE1krgXZNrsQ+LFTGHVxVjcXPs17LhbZVGedAJv8XZ1tvj5FvSg==}

snapshots:

  hexo-generator-i18n@0.0.10:
    dependencies:
      lodash: 4.17.21

  lodash@4.17.21: {}
